
Microsoft Visual Studio Solution File, Format Version 12.00
# Visual Studio 14
VisualStudioVersion = 14.0.25420.1
MinimumVisualStudioVersion = 10.0.40219.1
Project("{8BC9CEB8-8B4A-11D0-8D11-00A0C91BC942}") = "VulkanVolumeRenderer", "VulkanVolumeRenderer\VulkanVolumeRenderer.vcxproj", "{736237EF-6BE3-48B7-8945-2D4807378124}"
EndProject
Project("{2150E333-8FDC-42A3-9474-1A3956D46DE8}") = "Base", "Base", "{229F173B-25CA-464A-9C4C-DD36EDAAF730}"
	ProjectSection(SolutionItems) = preProject
		base\vulkanbuffer.hpp = base\vulkanbuffer.hpp
		base\vulkandebug.cpp = base\vulkandebug.cpp
		base\vulkandebug.h = base\vulkandebug.h
		base\vulkandevice.hpp = base\vulkandevice.hpp
		base\vulkanframebuffer.hpp = base\vulkanframebuffer.hpp
		base\vulkanswapchain.hpp = base\vulkanswapchain.hpp
		base\vulkantextoverlay.hpp = base\vulkantextoverlay.hpp
		base\vulkanTextureLoader.hpp = base\vulkanTextureLoader.hpp
		base\vulkantools.cpp = base\vulkantools.cpp
		base\vulkantools.h = base\vulkantools.h
	EndProjectSection
EndProject
Global
	GlobalSection(SolutionConfigurationPlatforms) = preSolution
		Debug|x64 = Debug|x64
		Debug|x86 = Debug|x86
		Release|x64 = Release|x64
		Release|x86 = Release|x86
	EndGlobalSection
	GlobalSection(ProjectConfigurationPlatforms) = postSolution
		{736237EF-6BE3-48B7-8945-2D4807378124}.Debug|x64.ActiveCfg = Debug|x64
		{736237EF-6BE3-48B7-8945-2D4807378124}.Debug|x64.Build.0 = Debug|x64
		{736237EF-6BE3-48B7-8945-2D4807378124}.Debug|x86.ActiveCfg = Debug|Win32
		{736237EF-6BE3-48B7-8945-2D4807378124}.Debug|x86.Build.0 = Debug|Win32
		{736237EF-6BE3-48B7-8945-2D4807378124}.Release|x64.ActiveCfg = Release|x64
		{736237EF-6BE3-48B7-8945-2D4807378124}.Release|x64.Build.0 = Release|x64
		{736237EF-6BE3-48B7-8945-2D4807378124}.Release|x86.ActiveCfg = Release|Win32
		{736237EF-6BE3-48B7-8945-2D4807378124}.Release|x86.Build.0 = Release|Win32
	EndGlobalSection
	GlobalSection(SolutionProperties) = preSolution
		HideSolutionNode = FALSE
	EndGlobalSection
EndGlobal
